
Microsoft Visual Studio Solution File, Format Version 12.00
# Visual Studio Version 16
VisualStudioVersion = 16.0.31019.35
MinimumVisualStudioVersion = 10.0.40219.1
Project("{FAE04EC0-301F-11D3-BF4B-00C04F79EFBC}") = "MVCKutuphanee", "MVCKutuphanee\MVCKutuphanee.csproj", "{C0BCF14B-664A-40CD-89A1-653E039FBC62}"
EndProject
Global
	GlobalSection(SolutionConfigurationPlatforms) = preSolution
		Debug|Any CPU = Debug|Any CPU
		Release|Any CPU = Release|Any CPU
	EndGlobalSection
	GlobalSection(ProjectConfigurationPlatforms) = postSolution
		{C0BCF14B-664A-40CD-89A1-653E039FBC62}.Debug|Any CPU.ActiveCfg = Debug|Any CPU
		{C0BCF14B-664A-40CD-89A1-653E039FBC62}.Debug|Any CPU.Build.0 = Debug|Any CPU
		{C0BCF14B-664A-40CD-89A1-653E039FBC62}.Release|Any CPU.ActiveCfg = Release|Any CPU
		{C0BCF14B-664A-40CD-89A1-653E039FBC62}.Release|Any CPU.Build.0 = Release|Any CPU
	EndGlobalSection
	GlobalSection(SolutionProperties) = preSolution
		HideSolutionNode = FALSE
	EndGlobalSection
	GlobalSection(ExtensibilityGlobals) = postSolution
		SolutionGuid = {396BF768-D38B-4C51-9E9F-AA3AA85687D8}
	EndGlobalSection
EndGlobal
